<?xml version="1.0" encoding="UTF-8"?>
<CodeBlocks_project_file>
	<FileVersion major="1" minor="6"/>
	<Project>
		<Option title="CPPWA"/>
		<Option makefile_is_custom="1"/>
		<Option compiler="gcc"/>
		<Option virtualFolders="CMake Files\;"/>
		<Build>
			<Target title="all">
				<Option working_dir="/home/dawid/c++/CPPWA"/>
				<Option type="4"/>
				<MakeCommands>
					<Build command="/bin/make -j4 -f &quot;/home/dawid/c++/CPPWA/Makefile&quot;  VERBOSE=1 all"/>
					<CompileFile command="/bin/make -j4 -f &quot;/home/dawid/c++/CPPWA/Makefile&quot;  VERBOSE=1 &quot;$file&quot;"/>
					<Clean command="/bin/make -j4 -f &quot;/home/dawid/c++/CPPWA/Makefile&quot;  VERBOSE=1 clean"/>
					<DistClean command="/bin/make -j4 -f &quot;/home/dawid/c++/CPPWA/Makefile&quot;  VERBOSE=1 clean"/>
				</MakeCommands>
			</Target>
			<Target title="rebuild_cache">
				<Option working_dir="/home/dawid/c++/CPPWA"/>
				<Option type="4"/>
				<MakeCommands>
					<Build command="/bin/make -j4 -f &quot;/home/dawid/c++/CPPWA/Makefile&quot;  VERBOSE=1 rebuild_cache"/>
					<CompileFile command="/bin/make -j4 -f &quot;/home/dawid/c++/CPPWA/Makefile&quot;  VERBOSE=1 &quot;$file&quot;"/>
					<Clean command="/bin/make -j4 -f &quot;/home/dawid/c++/CPPWA/Makefile&quot;  VERBOSE=1 clean"/>
					<DistClean command="/bin/make -j4 -f &quot;/home/dawid/c++/CPPWA/Makefile&quot;  VERBOSE=1 clean"/>
				</MakeCommands>
			</Target>
			<Target title="CPPWA">
				<Option output="/home/dawid/c++/CPPWA/CPPWA.cgi" prefix_auto="0" extension_auto="0"/>
				<Option working_dir="/home/dawid/c++/CPPWA"/>
				<Option object_output="./"/>
				<Option type="1"/>
				<Option compiler="gcc"/>
				<Compiler>
					<Add directory="/usr/lib/gcc/x86_64-pc-linux-gnu/9.2.0/../../../../include/c++/9.2.0"/>
					<Add directory="/usr/lib/gcc/x86_64-pc-linux-gnu/9.2.0/../../../../include/c++/9.2.0/x86_64-pc-linux-gnu"/>
					<Add directory="/usr/lib/gcc/x86_64-pc-linux-gnu/9.2.0/../../../../include/c++/9.2.0/backward"/>
					<Add directory="/usr/lib/gcc/x86_64-pc-linux-gnu/9.2.0/include"/>
					<Add directory="/usr/local/include"/>
					<Add directory="/usr/lib/gcc/x86_64-pc-linux-gnu/9.2.0/include-fixed"/>
					<Add directory="/usr/include"/>
				</Compiler>
				<MakeCommands>
					<Build command="/bin/make -j4 -f &quot;/home/dawid/c++/CPPWA/Makefile&quot;  VERBOSE=1 CPPWA"/>
					<CompileFile command="/bin/make -j4 -f &quot;/home/dawid/c++/CPPWA/Makefile&quot;  VERBOSE=1 &quot;$file&quot;"/>
					<Clean command="/bin/make -j4 -f &quot;/home/dawid/c++/CPPWA/Makefile&quot;  VERBOSE=1 clean"/>
					<DistClean command="/bin/make -j4 -f &quot;/home/dawid/c++/CPPWA/Makefile&quot;  VERBOSE=1 clean"/>
				</MakeCommands>
			</Target>
			<Target title="CPPWA/fast">
				<Option output="/home/dawid/c++/CPPWA/CPPWA.cgi" prefix_auto="0" extension_auto="0"/>
				<Option working_dir="/home/dawid/c++/CPPWA"/>
				<Option object_output="./"/>
				<Option type="1"/>
				<Option compiler="gcc"/>
				<Compiler>
					<Add directory="/usr/lib/gcc/x86_64-pc-linux-gnu/9.2.0/../../../../include/c++/9.2.0"/>
					<Add directory="/usr/lib/gcc/x86_64-pc-linux-gnu/9.2.0/../../../../include/c++/9.2.0/x86_64-pc-linux-gnu"/>
					<Add directory="/usr/lib/gcc/x86_64-pc-linux-gnu/9.2.0/../../../../include/c++/9.2.0/backward"/>
					<Add directory="/usr/lib/gcc/x86_64-pc-linux-gnu/9.2.0/include"/>
					<Add directory="/usr/local/include"/>
					<Add directory="/usr/lib/gcc/x86_64-pc-linux-gnu/9.2.0/include-fixed"/>
					<Add directory="/usr/include"/>
				</Compiler>
				<MakeCommands>
					<Build command="/bin/make -j4 -f &quot;/home/dawid/c++/CPPWA/Makefile&quot;  VERBOSE=1 CPPWA/fast"/>
					<CompileFile command="/bin/make -j4 -f &quot;/home/dawid/c++/CPPWA/Makefile&quot;  VERBOSE=1 &quot;$file&quot;"/>
					<Clean command="/bin/make -j4 -f &quot;/home/dawid/c++/CPPWA/Makefile&quot;  VERBOSE=1 clean"/>
					<DistClean command="/bin/make -j4 -f &quot;/home/dawid/c++/CPPWA/Makefile&quot;  VERBOSE=1 clean"/>
				</MakeCommands>
			</Target>
			<Target title="edit_cache">
				<Option working_dir="/home/dawid/c++/CPPWA"/>
				<Option type="4"/>
				<MakeCommands>
					<Build command="/bin/make -j4 -f &quot;/home/dawid/c++/CPPWA/Makefile&quot;  VERBOSE=1 edit_cache"/>
					<CompileFile command="/bin/make -j4 -f &quot;/home/dawid/c++/CPPWA/Makefile&quot;  VERBOSE=1 &quot;$file&quot;"/>
					<Clean command="/bin/make -j4 -f &quot;/home/dawid/c++/CPPWA/Makefile&quot;  VERBOSE=1 clean"/>
					<DistClean command="/bin/make -j4 -f &quot;/home/dawid/c++/CPPWA/Makefile&quot;  VERBOSE=1 clean"/>
				</MakeCommands>
			</Target>
		</Build>
		<Unit filename="/home/dawid/c++/CPPWA/CMakeFiles/3.15.5/CompilerIdCXX/CMakeCXXCompilerId.cpp">
			<Option target="CPPWA"/>
		</Unit>
		<Unit filename="/home/dawid/c++/CPPWA/src/database/Database.cpp">
			<Option target="CPPWA"/>
		</Unit>
		<Unit filename="/home/dawid/c++/CPPWA/src/database/Database.h">
			<Option target="CPPWA"/>
		</Unit>
		<Unit filename="/home/dawid/c++/CPPWA/src/database/repositories/RepositoryFactory.cpp">
			<Option target="CPPWA"/>
		</Unit>
		<Unit filename="/home/dawid/c++/CPPWA/src/database/repositories/RepositoryFactory.h">
			<Option target="CPPWA"/>
		</Unit>
		<Unit filename="/home/dawid/c++/CPPWA/src/database/repositories/UserRepository.cpp">
			<Option target="CPPWA"/>
		</Unit>
		<Unit filename="/home/dawid/c++/CPPWA/src/database/repositories/UserRepository.h">
			<Option target="CPPWA"/>
		</Unit>
		<Unit filename="/home/dawid/c++/CPPWA/src/database/repositories/mysql/MysqlRepositoryFactory.cpp">
			<Option target="CPPWA"/>
		</Unit>
		<Unit filename="/home/dawid/c++/CPPWA/src/database/repositories/mysql/MysqlRepositoryFactory.h">
			<Option target="CPPWA"/>
		</Unit>
		<Unit filename="/home/dawid/c++/CPPWA/src/database/repositories/mysql/MysqlUserRepository.cpp">
			<Option target="CPPWA"/>
		</Unit>
		<Unit filename="/home/dawid/c++/CPPWA/src/database/repositories/mysql/MysqlUserRepository.h">
			<Option target="CPPWA"/>
		</Unit>
		<Unit filename="/home/dawid/c++/CPPWA/src/database/repositories/test/TestRepositoryFactory.cpp">
			<Option target="CPPWA"/>
		</Unit>
		<Unit filename="/home/dawid/c++/CPPWA/src/database/repositories/test/TestRepositoryFactory.h">
			<Option target="CPPWA"/>
		</Unit>
		<Unit filename="/home/dawid/c++/CPPWA/src/database/repositories/test/TestUserRepository.cpp">
			<Option target="CPPWA"/>
		</Unit>
		<Unit filename="/home/dawid/c++/CPPWA/src/database/repositories/test/TestUserRepository.h">
			<Option target="CPPWA"/>
		</Unit>
		<Unit filename="/home/dawid/c++/CPPWA/src/main.cpp">
			<Option target="CPPWA"/>
		</Unit>
		<Unit filename="/home/dawid/c++/CPPWA/CMakeLists.txt">
			<Option virtualFolder="CMake Files\"/>
		</Unit>
	</Project>
</CodeBlocks_project_file>
